
Microsoft Visual Studio Solution File, Format Version 12.00
# Visual Studio Version 16
VisualStudioVersion = 16.0.28803.156
MinimumVisualStudioVersion = 10.0.40219.1
Project("{2150E333-8FDC-42A3-9474-1A3956D46DE8}") = "Publisher", "Publisher", "{376A7BA4-5025-40D4-B097-F202F0D05564}"
EndProject
Project("{FAE04EC0-301F-11D3-BF4B-00C04F79EFBC}") = "WebApplication", "WebApplication\WebApplication.csproj", "{24A671E5-F574-4D4E-AE5E-72BEA09353D1}"
EndProject
Project("{FAE04EC0-301F-11D3-BF4B-00C04F79EFBC}") = "Infrastructure", "Infrastructure\Infrastructure.csproj", "{848A8143-E464-4F37-9E96-44389BB6F642}"
EndProject
Global
	GlobalSection(SolutionConfigurationPlatforms) = preSolution
		Debug|Any CPU = Debug|Any CPU
		Release|Any CPU = Release|Any CPU
	EndGlobalSection
	GlobalSection(ProjectConfigurationPlatforms) = postSolution
		{24A671E5-F574-4D4E-AE5E-72BEA09353D1}.Debug|Any CPU.ActiveCfg = Debug|Any CPU
		{24A671E5-F574-4D4E-AE5E-72BEA09353D1}.Debug|Any CPU.Build.0 = Debug|Any CPU
		{24A671E5-F574-4D4E-AE5E-72BEA09353D1}.Release|Any CPU.ActiveCfg = Release|Any CPU
		{24A671E5-F574-4D4E-AE5E-72BEA09353D1}.Release|Any CPU.Build.0 = Release|Any CPU
		{848A8143-E464-4F37-9E96-44389BB6F642}.Debug|Any CPU.ActiveCfg = Debug|Any CPU
		{848A8143-E464-4F37-9E96-44389BB6F642}.Debug|Any CPU.Build.0 = Debug|Any CPU
		{848A8143-E464-4F37-9E96-44389BB6F642}.Release|Any CPU.ActiveCfg = Release|Any CPU
		{848A8143-E464-4F37-9E96-44389BB6F642}.Release|Any CPU.Build.0 = Release|Any CPU
	EndGlobalSection
	GlobalSection(SolutionProperties) = preSolution
		HideSolutionNode = FALSE
	EndGlobalSection
	GlobalSection(NestedProjects) = preSolution
		{24A671E5-F574-4D4E-AE5E-72BEA09353D1} = {376A7BA4-5025-40D4-B097-F202F0D05564}
		{848A8143-E464-4F37-9E96-44389BB6F642} = {376A7BA4-5025-40D4-B097-F202F0D05564}
	EndGlobalSection
	GlobalSection(ExtensibilityGlobals) = postSolution
		SolutionGuid = {813DDC2D-87F0-4651-A5F8-D6A2F057AA9C}
	EndGlobalSection
EndGlobal
